PODS:
  - CoreAnimator (2.1.4)
  - Hero (1.4.0)

DEPENDENCIES:
  - CoreAnimator (~> 2.1.4)
  - Hero

SPEC REPOS:
  https://github.com/cocoapods/specs.git:
    - CoreAnimator
    - Hero

SPEC CHECKSUMS:
  CoreAnimator: 8606ef401a0c4fff922aa8fca70d6e1191f7f746
  Hero: bac92350d7201a1a940003e0767c7b52ce7c99a1

PODFILE CHECKSUM: 4ab8363521f6e3d1082bcf9ca2699a995de26727

COCOAPODS: 1.7.5
