// !$*UTF8*$!
{
	archiveVersion = 1;
	classes = {
	};
	objectVersion = 51;
	objects = {

/* Begin PBXBuildFile section */
		C5A925F341FE655D96FE8C35 /* Pods_PodAnimations.framework in Frameworks */ = {isa = PBXBuildFile; fileRef = B9A9A0818A456F6F52C19F31 /* Pods_PodAnimations.framework */; };
		E139158B236ACCC800EBDB62 /* AppDelegate.swift in Sources */ = {isa = PBXBuildFile; fileRef = E139158A236ACCC800EBDB62 /* AppDelegate.swift */; };
		E139158D236ACCC800EBDB62 /* ViewController.swift in Sources */ = {isa = PBXBuildFile; fileRef = E139158C236ACCC800EBDB62 /* ViewController.swift */; };
		E1391590236ACCC800EBDB62 /* Main.storyboard in Resources */ = {isa = PBXBuildFile; fileRef = E139158E236ACCC800EBDB62 /* Main.storyboard */; };
		E1391592236ACCC900EBDB62 /* Assets.xcassets in Resources */ = {isa = PBXBuildFile; fileRef = E1391591236ACCC900EBDB62 /* Assets.xcassets */; };
		E1391595236ACCC900EBDB62 /* LaunchScreen.storyboard in Resources */ = {isa = PBXBuildFile; fileRef = E1391593236ACCC900EBDB62 /* LaunchScreen.storyboard */; };
		E139159D236AEAC300EBDB62 /* FormViewController.swift in Sources */ = {isa = PBXBuildFile; fileRef = E139159C236AEAC300EBDB62 /* FormViewController.swift */; };
/* End PBXBuildFile section */

/* Begin PBXFileReference section */
		714FE3C657586AE4384BF785 /* Pods-PodAnimations.debug.xcconfig */ = {isa = PBXFileReference; includeInIndex = 1; lastKnownFileType = text.xcconfig; name = "Pods-PodAnimations.debug.xcconfig"; path = "Target Support Files/Pods-PodAnimations/Pods-PodAnimations.debug.xcconfig"; sourceTree = "<group>"; };
		9AC02BA9943E7DA546022C65 /* Pods-PodAnimations.release.xcconfig */ = {isa = PBXFileReference; includeInIndex = 1; lastKnownFileType = text.xcconfig; name = "Pods-PodAnimations.release.xcconfig"; path = "Target Support Files/Pods-PodAnimations/Pods-PodAnimations.release.xcconfig"; sourceTree = "<group>"; };
		B9A9A0818A456F6F52C19F31 /* Pods_PodAnimations.framework */ = {isa = PBXFileReference; explicitFileType = wrapper.framework; includeInIndex = 0; path = Pods_PodAnimations.framework; sourceTree = BUILT_PRODUCTS_DIR; };
		E1391587236ACCC800EBDB62 /* PodAnimations.app */ = {isa = PBXFileReference; explicitFileType = wrapper.application; includeInIndex = 0; path = PodAnimations.app; sourceTree = BUILT_PRODUCTS_DIR; };
		E139158A236ACCC800EBDB62 /* AppDelegate.swift */ = {isa = PBXFileReference; lastKnownFileType = sourcecode.swift; path = AppDelegate.swift; sourceTree = "<group>"; };
		E139158C236ACCC800EBDB62 /* ViewController.swift */ = {isa = PBXFileReference; lastKnownFileType = sourcecode.swift; path = ViewController.swift; sourceTree = "<group>"; };
		E139158F236ACCC800EBDB62 /* Base */ = {isa = PBXFileReference; lastKnownFileType = file.storyboard; name = Base; path = Base.lproj/Main.storyboard; sourceTree = "<group>"; };
		E1391591236ACCC900EBDB62 /* Assets.xcassets */ = {isa = PBXFileReference; lastKnownFileType = folder.assetcatalog; path = Assets.xcassets; sourceTree = "<group>"; };
		E1391594236ACCC900EBDB62 /* Base */ = {isa = PBXFileReference; lastKnownFileType = file.storyboard; name = Base; path = Base.lproj/LaunchScreen.storyboard; sourceTree = "<group>"; };
		E1391596236ACCC900EBDB62 /* Info.plist */ = {isa = PBXFileReference; lastKnownFileType = text.plist.xml; path = Info.plist; sourceTree = "<group>"; };
		E139159C236AEAC300EBDB62 /* FormViewController.swift */ = {isa = PBXFileReference; lastKnownFileType = sourcecode.swift; path = FormViewController.swift; sourceTree = "<group>"; };
/* End PBXFileReference section */

/* Begin PBXFrameworksBuildPhase section */
		E1391584236ACCC800EBDB62 /* Frameworks */ = {
			isa = PBXFrameworksBuildPhase;
			buildActionMask = 2147483647;
			files = (
				C5A925F341FE655D96FE8C35 /* Pods_PodAnimations.framework in Frameworks */,
			);
			runOnlyForDeploymentPostprocessing = 0;
		};
/* End PBXFrameworksBuildPhase section */

/* Begin PBXGroup section */
		4DE870D2344FE0FFA2A4D2D1 /* Pods */ = {
			isa = PBXGroup;
			children = (
				714FE3C657586AE4384BF785 /* Pods-PodAnimations.debug.xcconfig */,
				9AC02BA9943E7DA546022C65 /* Pods-PodAnimations.release.xcconfig */,
			);
			path = Pods;
			sourceTree = "<group>";
		};
		DE2A003A3CF27E1EBB59BD08 /* Frameworks */ = {
			isa = PBXGroup;
			children = (
				B9A9A0818A456F6F52C19F31 /* Pods_PodAnimations.framework */,
			);
			name = Frameworks;
			sourceTree = "<group>";
		};
		E139157E236ACCC800EBDB62 = {
			isa = PBXGroup;
			children = (
				E1391589236ACCC800EBDB62 /* PodAnimations */,
				E1391588236ACCC800EBDB62 /* Products */,
				4DE870D2344FE0FFA2A4D2D1 /* Pods */,
				DE2A003A3CF27E1EBB59BD08 /* Frameworks */,
			);
			sourceTree = "<group>";
		};
		E1391588236ACCC800EBDB62 /* Products */ = {
			isa = PBXGroup;
			children = (
				E1391587236ACCC800EBDB62 /* PodAnimations.app */,
			);
			name = Products;
			sourceTree = "<group>";
		};
		E1391589236ACCC800EBDB62 /* PodAnimations */ = {
			isa = PBXGroup;
			children = (
				E139158A236ACCC800EBDB62 /* AppDelegate.swift */,
				E139158C236ACCC800EBDB62 /* ViewController.swift */,
				E139159C236AEAC300EBDB62 /* FormViewController.swift */,
				E139158E236ACCC800EBDB62 /* Main.storyboard */,
				E1391591236ACCC900EBDB62 /* Assets.xcassets */,
				E1391593236ACCC900EBDB62 /* LaunchScreen.storyboard */,
				E1391596236ACCC900EBDB62 /* Info.plist */,
			);
			path = PodAnimations;
			sourceTree = "<group>";
		};
/* End PBXGroup section */

/* Begin PBXNativeTarget section */
		E1391586236ACCC800EBDB62 /* PodAnimations */ = {
			isa = PBXNativeTarget;
			buildConfigurationList = E1391599236ACCC900EBDB62 /* Build configuration list for PBXNativeTarget "PodAnimations" */;
			buildPhases = (
				9E96A99AB41688FA7B442F06 /* [CP] Check Pods Manifest.lock */,
				E1391583236ACCC800EBDB62 /* Sources */,
				E1391584236ACCC800EBDB62 /* Frameworks */,
				E1391585236ACCC800EBDB62 /* Resources */,
				E57CFCBDA152DB96EA20E4EE /* [CP] Embed Pods Frameworks */,
			);
			buildRules = (
			);
			dependencies = (
			);
			name = PodAnimations;
			productName = PodAnimations;
			productReference = E1391587236ACCC800EBDB62 /* PodAnimations.app */;
			productType = "com.apple.product-type.application";
		};
/* End PBXNativeTarget section */

/* Begin PBXProject section */
		E139157F236ACCC800EBDB62 /* Project object */ = {
			isa = PBXProject;
			attributes = {
				LastSwiftUpdateCheck = 1030;
				LastUpgradeCheck = 1030;
				ORGANIZATIONNAME = "Bilal Iqbal";
				TargetAttributes = {
					E1391586236ACCC800EBDB62 = {
						CreatedOnToolsVersion = 10.3;
					};
				};
			};
			buildConfigurationList = E1391582236ACCC800EBDB62 /* Build configuration list for PBXProject "PodAnimations" */;
			compatibilityVersion = "Xcode 9.3";
			developmentRegion = en;
			hasScannedForEncodings = 0;
			knownRegions = (
				en,
				Base,
			);
			mainGroup = E139157E236ACCC800EBDB62;
			productRefGroup = E1391588236ACCC800EBDB62 /* Products */;
			projectDirPath = "";
			projectRoot = "";
			targets = (
				E1391586236ACCC800EBDB62 /* PodAnimations */,
			);
		};
/* End PBXProject section */

/* Begin PBXResourcesBuildPhase section */
		E1391585236ACCC800EBDB62 /* Resources */ = {
			isa = PBXResourcesBuildPhase;
			buildActionMask = 2147483647;
			files = (
				E1391595236ACCC900EBDB62 /* LaunchScreen.storyboard in Resources */,
				E1391592236ACCC900EBDB62 /* Assets.xcassets in Resources */,
				E1391590236ACCC800EBDB62 /* Main.storyboard in Resources */,
			);
			runOnlyForDeploymentPostprocessing = 0;
		};
/* End PBXResourcesBuildPhase section */

/* Begin PBXShellScriptBuildPhase section */
		9E96A99AB41688FA7B442F06 /* [CP] Check Pods Manifest.lock */ = {
			isa = PBXShellScriptBuildPhase;
			buildActionMask = 2147483647;
			files = (
			);
			inputFileListPaths = (
			);
			inputPaths = (
				"${PODS_PODFILE_DIR_PATH}/Podfile.lock",
				"${PODS_ROOT}/Manifest.lock",
			);
			name = "[CP] Check Pods Manifest.lock";
			outputFileListPaths = (
			);
			outputPaths = (
				"$(DERIVED_FILE_DIR)/Pods-PodAnimations-checkManifestLockResult.txt",
			);
			runOnlyForDeploymentPostprocessing = 0;
			shellPath = /bin/sh;
			shellScript = "diff \"${PODS_PODFILE_DIR_PATH}/Podfile.lock\" \"${PODS_ROOT}/Manifest.lock\" > /dev/null\nif [ $? != 0 ] ; then\n    # print error to STDERR\n    echo \"error: The sandbox is not in sync with the Podfile.lock. Run 'pod install' or update your CocoaPods installation.\" >&2\n    exit 1\nfi\n# This output is used by Xcode 'outputs' to avoid re-running this script phase.\necho \"SUCCESS\" > \"${SCRIPT_OUTPUT_FILE_0}\"\n";
			showEnvVarsInLog = 0;
		};
		E57CFCBDA152DB96EA20E4EE /* [CP] Embed Pods Frameworks */ = {
			isa = PBXShellScriptBuildPhase;
			buildActionMask = 2147483647;
			files = (
			);
			inputFileListPaths = (
				"${PODS_ROOT}/Target Support Files/Pods-PodAnimations/Pods-PodAnimations-frameworks-${CONFIGURATION}-input-files.xcfilelist",
			);
			name = "[CP] Embed Pods Frameworks";
			outputFileListPaths = (
				"${PODS_ROOT}/Target Support Files/Pods-PodAnimations/Pods-PodAnimations-frameworks-${CONFIGURATION}-output-files.xcfilelist",
			);
			runOnlyForDeploymentPostprocessing = 0;
			shellPath = /bin/sh;
			shellScript = "\"${PODS_ROOT}/Target Support Files/Pods-PodAnimations/Pods-PodAnimations-frameworks.sh\"\n";
			showEnvVarsInLog = 0;
		};
/* End PBXShellScriptBuildPhase section */

/* Begin PBXSourcesBuildPhase section */
		E1391583236ACCC800EBDB62 /* Sources */ = {
			isa = PBXSourcesBuildPhase;
			buildActionMask = 2147483647;
			files = (
				E139159D236AEAC300EBDB62 /* FormViewController.swift in Sources */,
				E139158D236ACCC800EBDB62 /* ViewController.swift in Sources */,
				E139158B236ACCC800EBDB62 /* AppDelegate.swift in Sources */,
			);
			runOnlyForDeploymentPostprocessing = 0;
		};
/* End PBXSourcesBuildPhase section */

/* Begin PBXVariantGroup section */
		E139158E236ACCC800EBDB62 /* Main.storyboard */ = {
			isa = PBXVariantGroup;
			children = (
				E139158F236ACCC800EBDB62 /* Base */,
			);
			name = Main.storyboard;
			sourceTree = "<group>";
		};
		E1391593236ACCC900EBDB62 /* LaunchScreen.storyboard */ = {
			isa = PBXVariantGroup;
			children = (
				E1391594236ACCC900EBDB62 /* Base */,
			);
			name = LaunchScreen.storyboard;
			sourceTree = "<group>";
		};
/* End PBXVariantGroup section */

/* Begin XCBuildConfiguration section */
		E1391597236ACCC900EBDB62 /* Debug */ = {
			isa = XCBuildConfiguration;
			buildSettings = {
				ALWAYS_SEARCH_USER_PATHS = NO;
				CLANG_ANALYZER_NONNULL = YES;
				CLANG_ANALYZER_NUMBER_OBJECT_CONVERSION = YES_AGGRESSIVE;
				CLANG_CXX_LANGUAGE_STANDARD = "gnu++14";
				CLANG_CXX_LIBRARY = "libc++";
				CLANG_ENABLE_MODULES = YES;
				CLANG_ENABLE_OBJC_ARC = YES;
				CLANG_ENABLE_OBJC_WEAK = YES;
				CLANG_WARN_BLOCK_CAPTURE_AUTORELEASING = YES;
				CLANG_WARN_BOOL_CONVERSION = YES;
				CLANG_WARN_COMMA = YES;
				CLANG_WARN_CONSTANT_CONVERSION = YES;
				CLANG_WARN_DEPRECATED_OBJC_IMPLEMENTATIONS = YES;
				CLANG_WARN_DIRECT_OBJC_ISA_USAGE = YES_ERROR;
				CLANG_WARN_DOCUMENTATION_COMMENTS = YES;
				CLANG_WARN_EMPTY_BODY = YES;
				CLANG_WARN_ENUM_CONVERSION = YES;
				CLANG_WARN_INFINITE_RECURSION = YES;
				CLANG_WARN_INT_CONVERSION = YES;
				CLANG_WARN_NON_LITERAL_NULL_CONVERSION = YES;
				CLANG_WARN_OBJC_IMPLICIT_RETAIN_SELF = YES;
				CLANG_WARN_OBJC_LITERAL_CONVERSION = YES;
				CLANG_WARN_OBJC_ROOT_CLASS = YES_ERROR;
				CLANG_WARN_RANGE_LOOP_ANALYSIS = YES;
				CLANG_WARN_STRICT_PROTOTYPES = YES;
				CLANG_WARN_SUSPICIOUS_MOVE = YES;
				CLANG_WARN_UNGUARDED_AVAILABILITY = YES_AGGRESSIVE;
				CLANG_WARN_UNREACHABLE_CODE = YES;
				CLANG_WARN__DUPLICATE_METHOD_MATCH = YES;
				CODE_SIGN_IDENTITY = "iPhone Developer";
				COPY_PHASE_STRIP = NO;
				DEBUG_INFORMATION_FORMAT = dwarf;
				ENABLE_STRICT_OBJC_MSGSEND = YES;
				ENABLE_TESTABILITY = YES;
				GCC_C_LANGUAGE_STANDARD = gnu11;
				GCC_DYNAMIC_NO_PIC = NO;
				GCC_NO_COMMON_BLOCKS = YES;
				GCC_OPTIMIZATION_LEVEL = 0;
				GCC_PREPROCESSOR_DEFINITIONS = (
					"DEBUG=1",
					"$(inherited)",
				);
				GCC_WARN_64_TO_32_BIT_CONVERSION = YES;
				GCC_WARN_ABOUT_RETURN_TYPE = YES_ERROR;
				GCC_WARN_UNDECLARED_SELECTOR = YES;
				GCC_WARN_UNINITIALIZED_AUTOS = YES_AGGRESSIVE;
				GCC_WARN_UNUSED_FUNCTION = YES;
				GCC_WARN_UNUSED_VARIABLE = YES;
				IPHONEOS_DEPLOYMENT_TARGET = 12.4;
				MTL_ENABLE_DEBUG_INFO = INCLUDE_SOURCE;
				MTL_FAST_MATH = YES;
				ONLY_ACTIVE_ARCH = YES;
				SDKROOT = iphoneos;
				SWIFT_ACTIVE_COMPILATION_CONDITIONS = DEBUG;
				SWIFT_OPTIMIZATION_LEVEL = "-Onone";
			};
			name = Debug;
		};
		E1391598236ACCC900EBDB62 /* Release */ = {
			isa = XCBuildConfiguration;
			buildSettings = {
				ALWAYS_SEARCH_USER_PATHS = NO;
				CLANG_ANALYZER_NONNULL = YES;
				CLANG_ANALYZER_NUMBER_OBJECT_CONVERSION = YES_AGGRESSIVE;
				CLANG_CXX_LANGUAGE_STANDARD = "gnu++14";
				CLANG_CXX_LIBRARY = "libc++";
				CLANG_ENABLE_MODULES = YES;
				CLANG_ENABLE_OBJC_ARC = YES;
				CLANG_ENABLE_OBJC_WEAK = YES;
				CLANG_WARN_BLOCK_CAPTURE_AUTORELEASING = YES;
				CLANG_WARN_BOOL_CONVERSION = YES;
				CLANG_WARN_COMMA = YES;
				CLANG_WARN_CONSTANT_CONVERSION = YES;
				CLANG_WARN_DEPRECATED_OBJC_IMPLEMENTATIONS = YES;
				CLANG_WARN_DIRECT_OBJC_ISA_USAGE = YES_ERROR;
				CLANG_WARN_DOCUMENTATION_COMMENTS = YES;
				CLANG_WARN_EMPTY_BODY = YES;
				CLANG_WARN_ENUM_CONVERSION = YES;
				CLANG_WARN_INFINITE_RECURSION = YES;
				CLANG_WARN_INT_CONVERSION = YES;
				CLANG_WARN_NON_LITERAL_NULL_CONVERSION = YES;
				CLANG_WARN_OBJC_IMPLICIT_RETAIN_SELF = YES;
				CLANG_WARN_OBJC_LITERAL_CONVERSION = YES;
				CLANG_WARN_OBJC_ROOT_CLASS = YES_ERROR;
				CLANG_WARN_RANGE_LOOP_ANALYSIS = YES;
				CLANG_WARN_STRICT_PROTOTYPES = YES;
				CLANG_WARN_SUSPICIOUS_MOVE = YES;
				CLANG_WARN_UNGUARDED_AVAILABILITY = YES_AGGRESSIVE;
				CLANG_WARN_UNREACHABLE_CODE = YES;
				CLANG_WARN__DUPLICATE_METHOD_MATCH = YES;
				CODE_SIGN_IDENTITY = "iPhone Developer";
				COPY_PHASE_STRIP = NO;
				DEBUG_INFORMATION_FORMAT = "dwarf-with-dsym";
				ENABLE_NS_ASSERTIONS = NO;
				ENABLE_STRICT_OBJC_MSGSEND = YES;
				GCC_C_LANGUAGE_STANDARD = gnu11;
				GCC_NO_COMMON_BLOCKS = YES;
				GCC_WARN_64_TO_32_BIT_CONVERSION = YES;
				GCC_WARN_ABOUT_RETURN_TYPE = YES_ERROR;
				GCC_WARN_UNDECLARED_SELECTOR = YES;
				GCC_WARN_UNINITIALIZED_AUTOS = YES_AGGRESSIVE;
				GCC_WARN_UNUSED_FUNCTION = YES;
				GCC_WARN_UNUSED_VARIABLE = YES;
				IPHONEOS_DEPLOYMENT_TARGET = 12.4;
				MTL_ENABLE_DEBUG_INFO = NO;
				MTL_FAST_MATH = YES;
				SDKROOT = iphoneos;
				SWIFT_COMPILATION_MODE = wholemodule;
				SWIFT_OPTIMIZATION_LEVEL = "-O";
				VALIDATE_PRODUCT = YES;
			};
			name = Release;
		};
		E139159A236ACCC900EBDB62 /* Debug */ = {
			isa = XCBuildConfiguration;
			baseConfigurationReference = 714FE3C657586AE4384BF785 /* Pods-PodAnimations.debug.xcconfig */;
			buildSettings = {
				ASSETCATALOG_COMPILER_APPICON_NAME = AppIcon;
				CODE_SIGN_STYLE = Automatic;
				INFOPLIST_FILE = PodAnimations/Info.plist;
				LD_RUNPATH_SEARCH_PATHS = (
					"$(inherited)",
					"@executable_path/Frameworks",
				);
				PRODUCT_BUNDLE_IDENTIFIER = com.systems.PodAnimations;
				PRODUCT_NAME = "$(TARGET_NAME)";
				SWIFT_VERSION = 5.0;
				TARGETED_DEVICE_FAMILY = "1,2";
			};
			name = Debug;
		};
		E139159B236ACCC900EBDB62 /* Release */ = {
			isa = XCBuildConfiguration;
			baseConfigurationReference = 9AC02BA9943E7DA546022C65 /* Pods-PodAnimations.release.xcconfig */;
			buildSettings = {
				ASSETCATALOG_COMPILER_APPICON_NAME = AppIcon;
				CODE_SIGN_STYLE = Automatic;
				INFOPLIST_FILE = PodAnimations/Info.plist;
				LD_RUNPATH_SEARCH_PATHS = (
					"$(inherited)",
					"@executable_path/Frameworks",
				);
				PRODUCT_BUNDLE_IDENTIFIER = com.systems.PodAnimations;
				PRODUCT_NAME = "$(TARGET_NAME)";
				SWIFT_VERSION = 5.0;
				TARGETED_DEVICE_FAMILY = "1,2";
			};
			name = Release;
		};
/* End XCBuildConfiguration section */

/* Begin XCConfigurationList section */
		E1391582236ACCC800EBDB62 /* Build configuration list for PBXProject "PodAnimations" */ = {
			isa = XCConfigurationList;
			buildConfigurations = (
				E1391597236ACCC900EBDB62 /* Debug */,
				E1391598236ACCC900EBDB62 /* Release */,
			);
			defaultConfigurationIsVisible = 0;
			defaultConfigurationName = Release;
		};
		E1391599236ACCC900EBDB62 /* Build configuration list for PBXNativeTarget "PodAnimations" */ = {
			isa = XCConfigurationList;
			buildConfigurations = (
				E139159A236ACCC900EBDB62 /* Debug */,
				E139159B236ACCC900EBDB62 /* Release */,
			);
			defaultConfigurationIsVisible = 0;
			defaultConfigurationName = Release;
		};
/* End XCConfigurationList section */
	};
	rootObject = E139157F236ACCC800EBDB62 /* Project object */;
}
